
Microsoft Visual Studio Solution File, Format Version 12.00
# Visual Studio Version 17
VisualStudioVersion = 17.6.33801.468
MinimumVisualStudioVersion = 10.0.40219.1
Project("{FAE04EC0-301F-11D3-BF4B-00C04F79EFBC}") = "Register2", "Register2\Register2.csproj", "{2763666B-43C9-4C69-92FF-140241E5F583}"
EndProject
Global
	GlobalSection(SolutionConfigurationPlatforms) = preSolution
		Debug|Any CPU = Debug|Any CPU
		Release|Any CPU = Release|Any CPU
	EndGlobalSection
	GlobalSection(ProjectConfigurationPlatforms) = postSolution
		{2763666B-43C9-4C69-92FF-140241E5F583}.Debug|Any CPU.ActiveCfg = Debug|Any CPU
		{2763666B-43C9-4C69-92FF-140241E5F583}.Debug|Any CPU.Build.0 = Debug|Any CPU
		{2763666B-43C9-4C69-92FF-140241E5F583}.Release|Any CPU.ActiveCfg = Release|Any CPU
		{2763666B-43C9-4C69-92FF-140241E5F583}.Release|Any CPU.Build.0 = Release|Any CPU
	EndGlobalSection
	GlobalSection(SolutionProperties) = preSolution
		HideSolutionNode = FALSE
	EndGlobalSection
	GlobalSection(ExtensibilityGlobals) = postSolution
		SolutionGuid = {F4267055-77F3-4490-9570-F6CC44D4CC5D}
	EndGlobalSection
EndGlobal
